// !$*UTF8*$!
{
	archiveVersion = 1;
	classes = {
	};
	objectVersion = 56;
	objects = {

/* Begin PBXBuildFile section */
		13E24CA62AF97F8000D981A3 /* AppDelegate.swift in Sources */ = {isa = PBXBuildFile; fileRef = 13E24CA52AF97F8000D981A3 /* AppDelegate.swift */; };
		13E24CAA2AF97F8000D981A3 /* Main.html in Resources */ = {isa = PBXBuildFile; fileRef = 13E24CA82AF97F8000D981A3 /* Main.html */; };
		13E24CAC2AF97F8000D981A3 /* Icon.png in Resources */ = {isa = PBXBuildFile; fileRef = 13E24CAB2AF97F8000D981A3 /* Icon.png */; };
		13E24CAE2AF97F8000D981A3 /* Style.css in Resources */ = {isa = PBXBuildFile; fileRef = 13E24CAD2AF97F8000D981A3 /* Style.css */; };
		13E24CB02AF97F8000D981A3 /* SceneDelegate.swift in Sources */ = {isa = PBXBuildFile; fileRef = 13E24CAF2AF97F8000D981A3 /* SceneDelegate.swift */; };
		13E24CB22AF97F8000D981A3 /* ViewController.swift in Sources */ = {isa = PBXBuildFile; fileRef = 13E24CB12AF97F8000D981A3 /* ViewController.swift */; };
		13E24CB52AF97F8000D981A3 /* LaunchScreen.storyboard in Resources */ = {isa = PBXBuildFile; fileRef = 13E24CB32AF97F8000D981A3 /* LaunchScreen.storyboard */; };
		13E24CB82AF97F8000D981A3 /* Main.storyboard in Resources */ = {isa = PBXBuildFile; fileRef = 13E24CB62AF97F8000D981A3 /* Main.storyboard */; };
		13E24CC42AF97F8300D981A3 /* Web_Time_MachineTests.swift in Sources */ = {isa = PBXBuildFile; fileRef = 13E24CC32AF97F8300D981A3 /* Web_Time_MachineTests.swift */; };
		13E24CCE2AF97F8300D981A3 /* Web_Time_MachineUITests.swift in Sources */ = {isa = PBXBuildFile; fileRef = 13E24CCD2AF97F8300D981A3 /* Web_Time_MachineUITests.swift */; };
		13E24CD02AF97F8300D981A3 /* Web_Time_MachineUITestsLaunchTests.swift in Sources */ = {isa = PBXBuildFile; fileRef = 13E24CCF2AF97F8300D981A3 /* Web_Time_MachineUITestsLaunchTests.swift */; };
		13E24CD62AF97F8300D981A3 /* Web Time Machine Extension.appex in Embed Foundation Extensions */ = {isa = PBXBuildFile; fileRef = 13E24CD52AF97F8300D981A3 /* Web Time Machine Extension.appex */; settings = {ATTRIBUTES = (RemoveHeadersOnCopy, ); }; };
		13E24CDB2AF97F8300D981A3 /* SafariWebExtensionHandler.swift in Sources */ = {isa = PBXBuildFile; fileRef = 13E24CDA2AF97F8300D981A3 /* SafariWebExtensionHandler.swift */; };
		13E24CDE2AF97F8300D981A3 /* _locales in Resources */ = {isa = PBXBuildFile; fileRef = 13E24CDD2AF97F8300D981A3 /* _locales */; };
		13E24CE02AF97F8300D981A3 /* images in Resources */ = {isa = PBXBuildFile; fileRef = 13E24CDF2AF97F8300D981A3 /* images */; };
		13E24CE22AF97F8300D981A3 /* manifest.json in Resources */ = {isa = PBXBuildFile; fileRef = 13E24CE12AF97F8300D981A3 /* manifest.json */; };
		13E24CE42AF97F8300D981A3 /* background.js in Resources */ = {isa = PBXBuildFile; fileRef = 13E24CE32AF97F8300D981A3 /* background.js */; };
		13E24CE62AF97F8300D981A3 /* content.js in Resources */ = {isa = PBXBuildFile; fileRef = 13E24CE52AF97F8300D981A3 /* content.js */; };
		13E24CE82AF97F8300D981A3 /* popup.html in Resources */ = {isa = PBXBuildFile; fileRef = 13E24CE72AF97F8300D981A3 /* popup.html */; };
		13E24CEA2AF97F8300D981A3 /* popup.css in Resources */ = {isa = PBXBuildFile; fileRef = 13E24CE92AF97F8300D981A3 /* popup.css */; };
		13E24CEC2AF97F8300D981A3 /* popup.js in Resources */ = {isa = PBXBuildFile; fileRef = 13E24CEB2AF97F8300D981A3 /* popup.js */; };
		13E24CEE2AF97F8300D981A3 /* Assets.xcassets in Resources */ = {isa = PBXBuildFile; fileRef = 13E24CB92AF97F8300D981A3 /* Assets.xcassets */; };
/* End PBXBuildFile section */

/* Begin PBXContainerItemProxy section */
		13E24CC02AF97F8300D981A3 /* PBXContainerItemProxy */ = {
			isa = PBXContainerItemProxy;
			containerPortal = 13E24C9A2AF97F7F00D981A3 /* Project object */;
			proxyType = 1;
			remoteGlobalIDString = 13E24CA12AF97F7F00D981A3;
			remoteInfo = "Web Time Machine";
		};
		13E24CCA2AF97F8300D981A3 /* PBXContainerItemProxy */ = {
			isa = PBXContainerItemProxy;
			containerPortal = 13E24C9A2AF97F7F00D981A3 /* Project object */;
			proxyType = 1;
			remoteGlobalIDString = 13E24CA12AF97F7F00D981A3;
			remoteInfo = "Web Time Machine";
		};
		13E24CD72AF97F8300D981A3 /* PBXContainerItemProxy */ = {
			isa = PBXContainerItemProxy;
			containerPortal = 13E24C9A2AF97F7F00D981A3 /* Project object */;
			proxyType = 1;
			remoteGlobalIDString = 13E24CD42AF97F8300D981A3;
			remoteInfo = "Web Time Machine Extension";
		};
/* End PBXContainerItemProxy section */

/* Begin PBXCopyFilesBuildPhase section */
		13E24CF42AF97F8300D981A3 /* Embed Foundation Extensions */ = {
			isa = PBXCopyFilesBuildPhase;
			buildActionMask = 2147483647;
			dstPath = "";
			dstSubfolderSpec = 13;
			files = (
				13E24CD62AF97F8300D981A3 /* Web Time Machine Extension.appex in Embed Foundation Extensions */,
			);
			name = "Embed Foundation Extensions";
			runOnlyForDeploymentPostprocessing = 0;
		};
/* End PBXCopyFilesBuildPhase section */

/* Begin PBXFileReference section */
		13E24CA22AF97F8000D981A3 /* Web Time Machine.app */ = {isa = PBXFileReference; explicitFileType = wrapper.application; includeInIndex = 0; path = "Web Time Machine.app"; sourceTree = BUILT_PRODUCTS_DIR; };
		13E24CA52AF97F8000D981A3 /* AppDelegate.swift */ = {isa = PBXFileReference; lastKnownFileType = sourcecode.swift; path = AppDelegate.swift; sourceTree = "<group>"; };
		13E24CA92AF97F8000D981A3 /* Base */ = {isa = PBXFileReference; lastKnownFileType = text.html; name = Base; path = ../Base.lproj/Main.html; sourceTree = "<group>"; };
		13E24CAB2AF97F8000D981A3 /* Icon.png */ = {isa = PBXFileReference; lastKnownFileType = image.png; path = Icon.png; sourceTree = "<group>"; };
		13E24CAD2AF97F8000D981A3 /* Style.css */ = {isa = PBXFileReference; lastKnownFileType = text.css; path = Style.css; sourceTree = "<group>"; };
		13E24CAF2AF97F8000D981A3 /* SceneDelegate.swift */ = {isa = PBXFileReference; lastKnownFileType = sourcecode.swift; path = SceneDelegate.swift; sourceTree = "<group>"; };
		13E24CB12AF97F8000D981A3 /* ViewController.swift */ = {isa = PBXFileReference; lastKnownFileType = sourcecode.swift; path = ViewController.swift; sourceTree = "<group>"; };
		13E24CB42AF97F8000D981A3 /* Base */ = {isa = PBXFileReference; lastKnownFileType = file.storyboard; name = Base; path = Base.lproj/LaunchScreen.storyboard; sourceTree = "<group>"; };
		13E24CB72AF97F8000D981A3 /* Base */ = {isa = PBXFileReference; lastKnownFileType = file.storyboard; name = Base; path = Base.lproj/Main.storyboard; sourceTree = "<group>"; };
		13E24CB92AF97F8300D981A3 /* Assets.xcassets */ = {isa = PBXFileReference; lastKnownFileType = folder.assetcatalog; path = Assets.xcassets; sourceTree = "<group>"; };
		13E24CBA2AF97F8300D981A3 /* Info.plist */ = {isa = PBXFileReference; lastKnownFileType = text.plist.xml; path = Info.plist; sourceTree = "<group>"; };
		13E24CBF2AF97F8300D981A3 /* Web Time MachineTests.xctest */ = {isa = PBXFileReference; explicitFileType = wrapper.cfbundle; includeInIndex = 0; path = "Web Time MachineTests.xctest"; sourceTree = BUILT_PRODUCTS_DIR; };
		13E24CC32AF97F8300D981A3 /* Web_Time_MachineTests.swift */ = {isa = PBXFileReference; lastKnownFileType = sourcecode.swift; path = Web_Time_MachineTests.swift; sourceTree = "<group>"; };
		13E24CC92AF97F8300D981A3 /* Web Time MachineUITests.xctest */ = {isa = PBXFileReference; explicitFileType = wrapper.cfbundle; includeInIndex = 0; path = "Web Time MachineUITests.xctest"; sourceTree = BUILT_PRODUCTS_DIR; };
		13E24CCD2AF97F8300D981A3 /* Web_Time_MachineUITests.swift */ = {isa = PBXFileReference; lastKnownFileType = sourcecode.swift; path = Web_Time_MachineUITests.swift; sourceTree = "<group>"; };
		13E24CCF2AF97F8300D981A3 /* Web_Time_MachineUITestsLaunchTests.swift */ = {isa = PBXFileReference; lastKnownFileType = sourcecode.swift; path = Web_Time_MachineUITestsLaunchTests.swift; sourceTree = "<group>"; };
		13E24CD52AF97F8300D981A3 /* Web Time Machine Extension.appex */ = {isa = PBXFileReference; explicitFileType = "wrapper.app-extension"; includeInIndex = 0; path = "Web Time Machine Extension.appex"; sourceTree = BUILT_PRODUCTS_DIR; };
		13E24CDA2AF97F8300D981A3 /* SafariWebExtensionHandler.swift */ = {isa = PBXFileReference; lastKnownFileType = sourcecode.swift; path = SafariWebExtensionHandler.swift; sourceTree = "<group>"; };
		13E24CDD2AF97F8300D981A3 /* _locales */ = {isa = PBXFileReference; lastKnownFileType = folder; path = _locales; sourceTree = "<group>"; };
		13E24CDF2AF97F8300D981A3 /* images */ = {isa = PBXFileReference; lastKnownFileType = folder; path = images; sourceTree = "<group>"; };
		13E24CE12AF97F8300D981A3 /* manifest.json */ = {isa = PBXFileReference; lastKnownFileType = text.json; path = manifest.json; sourceTree = "<group>"; };
		13E24CE32AF97F8300D981A3 /* background.js */ = {isa = PBXFileReference; lastKnownFileType = sourcecode.javascript; path = background.js; sourceTree = "<group>"; };
		13E24CE52AF97F8300D981A3 /* content.js */ = {isa = PBXFileReference; lastKnownFileType = sourcecode.javascript; path = content.js; sourceTree = "<group>"; };
		13E24CE72AF97F8300D981A3 /* popup.html */ = {isa = PBXFileReference; lastKnownFileType = text.html; path = popup.html; sourceTree = "<group>"; };
		13E24CE92AF97F8300D981A3 /* popup.css */ = {isa = PBXFileReference; lastKnownFileType = text.css; path = popup.css; sourceTree = "<group>"; };
		13E24CEB2AF97F8300D981A3 /* popup.js */ = {isa = PBXFileReference; lastKnownFileType = sourcecode.javascript; path = popup.js; sourceTree = "<group>"; };
		13E24CED2AF97F8300D981A3 /* Info.plist */ = {isa = PBXFileReference; lastKnownFileType = text.plist.xml; path = Info.plist; sourceTree = "<group>"; };
/* End PBXFileReference section */

/* Begin PBXFrameworksBuildPhase section */
		13E24C9F2AF97F7F00D981A3 /* Frameworks */ = {
			isa = PBXFrameworksBuildPhase;
			buildActionMask = 2147483647;
			files = (
			);
			runOnlyForDeploymentPostprocessing = 0;
		};
		13E24CBC2AF97F8300D981A3 /* Frameworks */ = {
			isa = PBXFrameworksBuildPhase;
			buildActionMask = 2147483647;
			files = (
			);
			runOnlyForDeploymentPostprocessing = 0;
		};
		13E24CC62AF97F8300D981A3 /* Frameworks */ = {
			isa = PBXFrameworksBuildPhase;
			buildActionMask = 2147483647;
			files = (
			);
			runOnlyForDeploymentPostprocessing = 0;
		};
		13E24CD22AF97F8300D981A3 /* Frameworks */ = {
			isa = PBXFrameworksBuildPhase;
			buildActionMask = 2147483647;
			files = (
			);
			runOnlyForDeploymentPostprocessing = 0;
		};
/* End PBXFrameworksBuildPhase section */

/* Begin PBXGroup section */
		13E24C992AF97F7F00D981A3 = {
			isa = PBXGroup;
			children = (
				13E24CA42AF97F8000D981A3 /* Web Time Machine */,
				13E24CC22AF97F8300D981A3 /* Web Time MachineTests */,
				13E24CCC2AF97F8300D981A3 /* Web Time MachineUITests */,
				13E24CD92AF97F8300D981A3 /* Web Time Machine Extension */,
				13E24CA32AF97F8000D981A3 /* Products */,
			);
			sourceTree = "<group>";
		};
		13E24CA32AF97F8000D981A3 /* Products */ = {
			isa = PBXGroup;
			children = (
				13E24CA22AF97F8000D981A3 /* Web Time Machine.app */,
				13E24CBF2AF97F8300D981A3 /* Web Time MachineTests.xctest */,
				13E24CC92AF97F8300D981A3 /* Web Time MachineUITests.xctest */,
				13E24CD52AF97F8300D981A3 /* Web Time Machine Extension.appex */,
			);
			name = Products;
			sourceTree = "<group>";
		};
		13E24CA42AF97F8000D981A3 /* Web Time Machine */ = {
			isa = PBXGroup;
			children = (
				13E24CA52AF97F8000D981A3 /* AppDelegate.swift */,
				13E24CAF2AF97F8000D981A3 /* SceneDelegate.swift */,
				13E24CB12AF97F8000D981A3 /* ViewController.swift */,
				13E24CB32AF97F8000D981A3 /* LaunchScreen.storyboard */,
				13E24CB62AF97F8000D981A3 /* Main.storyboard */,
				13E24CB92AF97F8300D981A3 /* Assets.xcassets */,
				13E24CBA2AF97F8300D981A3 /* Info.plist */,
				13E24CA72AF97F8000D981A3 /* Resources */,
			);
			path = "Web Time Machine";
			sourceTree = "<group>";
		};
		13E24CA72AF97F8000D981A3 /* Resources */ = {
			isa = PBXGroup;
			children = (
				13E24CA82AF97F8000D981A3 /* Main.html */,
				13E24CAB2AF97F8000D981A3 /* Icon.png */,
				13E24CAD2AF97F8000D981A3 /* Style.css */,
			);
			path = Resources;
			sourceTree = "<group>";
		};
		13E24CC22AF97F8300D981A3 /* Web Time MachineTests */ = {
			isa = PBXGroup;
			children = (
				13E24CC32AF97F8300D981A3 /* Web_Time_MachineTests.swift */,
			);
			path = "Web Time MachineTests";
			sourceTree = "<group>";
		};
		13E24CCC2AF97F8300D981A3 /* Web Time MachineUITests */ = {
			isa = PBXGroup;
			children = (
				13E24CCD2AF97F8300D981A3 /* Web_Time_MachineUITests.swift */,
				13E24CCF2AF97F8300D981A3 /* Web_Time_MachineUITestsLaunchTests.swift */,
			);
			path = "Web Time MachineUITests";
			sourceTree = "<group>";
		};
		13E24CD92AF97F8300D981A3 /* Web Time Machine Extension */ = {
			isa = PBXGroup;
			children = (
				13E24CDA2AF97F8300D981A3 /* SafariWebExtensionHandler.swift */,
				13E24CED2AF97F8300D981A3 /* Info.plist */,
				13E24CDC2AF97F8300D981A3 /* Resources */,
			);
			path = "Web Time Machine Extension";
			sourceTree = "<group>";
		};
		13E24CDC2AF97F8300D981A3 /* Resources */ = {
			isa = PBXGroup;
			children = (
				13E24CDD2AF97F8300D981A3 /* _locales */,
				13E24CDF2AF97F8300D981A3 /* images */,
				13E24CE12AF97F8300D981A3 /* manifest.json */,
				13E24CE32AF97F8300D981A3 /* background.js */,
				13E24CE52AF97F8300D981A3 /* content.js */,
				13E24CE72AF97F8300D981A3 /* popup.html */,
				13E24CE92AF97F8300D981A3 /* popup.css */,
				13E24CEB2AF97F8300D981A3 /* popup.js */,
			);
			path = Resources;
			sourceTree = "<group>";
		};
/* End PBXGroup section */

/* Begin PBXNativeTarget section */
		13E24CA12AF97F7F00D981A3 /* Web Time Machine */ = {
			isa = PBXNativeTarget;
			buildConfigurationList = 13E24CF52AF97F8300D981A3 /* Build configuration list for PBXNativeTarget "Web Time Machine" */;
			buildPhases = (
				13E24C9E2AF97F7F00D981A3 /* Sources */,
				13E24C9F2AF97F7F00D981A3 /* Frameworks */,
				13E24CA02AF97F7F00D981A3 /* Resources */,
				13E24CF42AF97F8300D981A3 /* Embed Foundation Extensions */,
			);
			buildRules = (
			);
			dependencies = (
				13E24CD82AF97F8300D981A3 /* PBXTargetDependency */,
			);
			name = "Web Time Machine";
			productName = "Web Time Machine";
			productReference = 13E24CA22AF97F8000D981A3 /* Web Time Machine.app */;
			productType = "com.apple.product-type.application";
		};
		13E24CBE2AF97F8300D981A3 /* Web Time MachineTests */ = {
			isa = PBXNativeTarget;
			buildConfigurationList = 13E24CF82AF97F8300D981A3 /* Build configuration list for PBXNativeTarget "Web Time MachineTests" */;
			buildPhases = (
				13E24CBB2AF97F8300D981A3 /* Sources */,
				13E24CBC2AF97F8300D981A3 /* Frameworks */,
				13E24CBD2AF97F8300D981A3 /* Resources */,
			);
			buildRules = (
			);
			dependencies = (
				13E24CC12AF97F8300D981A3 /* PBXTargetDependency */,
			);
			name = "Web Time MachineTests";
			productName = "Web Time MachineTests";
			productReference = 13E24CBF2AF97F8300D981A3 /* Web Time MachineTests.xctest */;
			productType = "com.apple.product-type.bundle.unit-test";
		};
		13E24CC82AF97F8300D981A3 /* Web Time MachineUITests */ = {
			isa = PBXNativeTarget;
			buildConfigurationList = 13E24CFB2AF97F8300D981A3 /* Build configuration list for PBXNativeTarget "Web Time MachineUITests" */;
			buildPhases = (
				13E24CC52AF97F8300D981A3 /* Sources */,
				13E24CC62AF97F8300D981A3 /* Frameworks */,
				13E24CC72AF97F8300D981A3 /* Resources */,
			);
			buildRules = (
			);
			dependencies = (
				13E24CCB2AF97F8300D981A3 /* PBXTargetDependency */,
			);
			name = "Web Time MachineUITests";
			productName = "Web Time MachineUITests";
			productReference = 13E24CC92AF97F8300D981A3 /* Web Time MachineUITests.xctest */;
			productType = "com.apple.product-type.bundle.ui-testing";
		};
		13E24CD42AF97F8300D981A3 /* Web Time Machine Extension */ = {
			isa = PBXNativeTarget;
			buildConfigurationList = 13E24CF12AF97F8300D981A3 /* Build configuration list for PBXNativeTarget "Web Time Machine Extension" */;
			buildPhases = (
				13E24CD12AF97F8300D981A3 /* Sources */,
				13E24CD22AF97F8300D981A3 /* Frameworks */,
				13E24CD32AF97F8300D981A3 /* Resources */,
			);
			buildRules = (
			);
			dependencies = (
			);
			name = "Web Time Machine Extension";
			productName = "Web Time Machine Extension";
			productReference = 13E24CD52AF97F8300D981A3 /* Web Time Machine Extension.appex */;
			productType = "com.apple.product-type.app-extension";
		};
/* End PBXNativeTarget section */

/* Begin PBXProject section */
		13E24C9A2AF97F7F00D981A3 /* Project object */ = {
			isa = PBXProject;
			attributes = {
				BuildIndependentTargetsInParallel = 1;
				LastSwiftUpdateCheck = 1500;
				LastUpgradeCheck = 1500;
				TargetAttributes = {
					13E24CA12AF97F7F00D981A3 = {
						CreatedOnToolsVersion = 15.0;
					};
					13E24CBE2AF97F8300D981A3 = {
						CreatedOnToolsVersion = 15.0;
						TestTargetID = 13E24CA12AF97F7F00D981A3;
					};
					13E24CC82AF97F8300D981A3 = {
						CreatedOnToolsVersion = 15.0;
						TestTargetID = 13E24CA12AF97F7F00D981A3;
					};
					13E24CD42AF97F8300D981A3 = {
						CreatedOnToolsVersion = 15.0;
					};
				};
			};
			buildConfigurationList = 13E24C9D2AF97F7F00D981A3 /* Build configuration list for PBXProject "Web Time Machine" */;
			compatibilityVersion = "Xcode 14.0";
			developmentRegion = en;
			hasScannedForEncodings = 0;
			knownRegions = (
				en,
				Base,
			);
			mainGroup = 13E24C992AF97F7F00D981A3;
			productRefGroup = 13E24CA32AF97F8000D981A3 /* Products */;
			projectDirPath = "";
			projectRoot = "";
			targets = (
				13E24CA12AF97F7F00D981A3 /* Web Time Machine */,
				13E24CBE2AF97F8300D981A3 /* Web Time MachineTests */,
				13E24CC82AF97F8300D981A3 /* Web Time MachineUITests */,
				13E24CD42AF97F8300D981A3 /* Web Time Machine Extension */,
			);
		};
/* End PBXProject section */

/* Begin PBXResourcesBuildPhase section */
		13E24CA02AF97F7F00D981A3 /* Resources */ = {
			isa = PBXResourcesBuildPhase;
			buildActionMask = 2147483647;
			files = (
				13E24CAC2AF97F8000D981A3 /* Icon.png in Resources */,
				13E24CB82AF97F8000D981A3 /* Main.storyboard in Resources */,
				13E24CB52AF97F8000D981A3 /* LaunchScreen.storyboard in Resources */,
				13E24CAA2AF97F8000D981A3 /* Main.html in Resources */,
				13E24CEE2AF97F8300D981A3 /* Assets.xcassets in Resources */,
				13E24CAE2AF97F8000D981A3 /* Style.css in Resources */,
			);
			runOnlyForDeploymentPostprocessing = 0;
		};
		13E24CBD2AF97F8300D981A3 /* Resources */ = {
			isa = PBXResourcesBuildPhase;
			buildActionMask = 2147483647;
			files = (
			);
			runOnlyForDeploymentPostprocessing = 0;
		};
		13E24CC72AF97F8300D981A3 /* Resources */ = {
			isa = PBXResourcesBuildPhase;
			buildActionMask = 2147483647;
			files = (
			);
			runOnlyForDeploymentPostprocessing = 0;
		};
		13E24CD32AF97F8300D981A3 /* Resources */ = {
			isa = PBXResourcesBuildPhase;
			buildActionMask = 2147483647;
			files = (
				13E24CE42AF97F8300D981A3 /* background.js in Resources */,
				13E24CEA2AF97F8300D981A3 /* popup.css in Resources */,
				13E24CE82AF97F8300D981A3 /* popup.html in Resources */,
				13E24CE02AF97F8300D981A3 /* images in Resources */,
				13E24CE22AF97F8300D981A3 /* manifest.json in Resources */,
				13E24CDE2AF97F8300D981A3 /* _locales in Resources */,
				13E24CE62AF97F8300D981A3 /* content.js in Resources */,
				13E24CEC2AF97F8300D981A3 /* popup.js in Resources */,
			);
			runOnlyForDeploymentPostprocessing = 0;
		};
/* End PBXResourcesBuildPhase section */

/* Begin PBXSourcesBuildPhase section */
		13E24C9E2AF97F7F00D981A3 /* Sources */ = {
			isa = PBXSourcesBuildPhase;
			buildActionMask = 2147483647;
			files = (
				13E24CB22AF97F8000D981A3 /* ViewController.swift in Sources */,
				13E24CA62AF97F8000D981A3 /* AppDelegate.swift in Sources */,
				13E24CB02AF97F8000D981A3 /* SceneDelegate.swift in Sources */,
			);
			runOnlyForDeploymentPostprocessing = 0;
		};
		13E24CBB2AF97F8300D981A3 /* Sources */ = {
			isa = PBXSourcesBuildPhase;
			buildActionMask = 2147483647;
			files = (
				13E24CC42AF97F8300D981A3 /* Web_Time_MachineTests.swift in Sources */,
			);
			runOnlyForDeploymentPostprocessing = 0;
		};
		13E24CC52AF97F8300D981A3 /* Sources */ = {
			isa = PBXSourcesBuildPhase;
			buildActionMask = 2147483647;
			files = (
				13E24CD02AF97F8300D981A3 /* Web_Time_MachineUITestsLaunchTests.swift in Sources */,
				13E24CCE2AF97F8300D981A3 /* Web_Time_MachineUITests.swift in Sources */,
			);
			runOnlyForDeploymentPostprocessing = 0;
		};
		13E24CD12AF97F8300D981A3 /* Sources */ = {
			isa = PBXSourcesBuildPhase;
			buildActionMask = 2147483647;
			files = (
				13E24CDB2AF97F8300D981A3 /* SafariWebExtensionHandler.swift in Sources */,
			);
			runOnlyForDeploymentPostprocessing = 0;
		};
/* End PBXSourcesBuildPhase section */

/* Begin PBXTargetDependency section */
		13E24CC12AF97F8300D981A3 /* PBXTargetDependency */ = {
			isa = PBXTargetDependency;
			target = 13E24CA12AF97F7F00D981A3 /* Web Time Machine */;
			targetProxy = 13E24CC02AF97F8300D981A3 /* PBXContainerItemProxy */;
		};
		13E24CCB2AF97F8300D981A3 /* PBXTargetDependency */ = {
			isa = PBXTargetDependency;
			target = 13E24CA12AF97F7F00D981A3 /* Web Time Machine */;
			targetProxy = 13E24CCA2AF97F8300D981A3 /* PBXContainerItemProxy */;
		};
		13E24CD82AF97F8300D981A3 /* PBXTargetDependency */ = {
			isa = PBXTargetDependency;
			target = 13E24CD42AF97F8300D981A3 /* Web Time Machine Extension */;
			targetProxy = 13E24CD72AF97F8300D981A3 /* PBXContainerItemProxy */;
		};
/* End PBXTargetDependency section */

/* Begin PBXVariantGroup section */
		13E24CA82AF97F8000D981A3 /* Main.html */ = {
			isa = PBXVariantGroup;
			children = (
				13E24CA92AF97F8000D981A3 /* Base */,
			);
			name = Main.html;
			sourceTree = "<group>";
		};
		13E24CB32AF97F8000D981A3 /* LaunchScreen.storyboard */ = {
			isa = PBXVariantGroup;
			children = (
				13E24CB42AF97F8000D981A3 /* Base */,
			);
			name = LaunchScreen.storyboard;
			sourceTree = "<group>";
		};
		13E24CB62AF97F8000D981A3 /* Main.storyboard */ = {
			isa = PBXVariantGroup;
			children = (
				13E24CB72AF97F8000D981A3 /* Base */,
			);
			name = Main.storyboard;
			sourceTree = "<group>";
		};
/* End PBXVariantGroup section */

/* Begin XCBuildConfiguration section */
		13E24CEF2AF97F8300D981A3 /* Debug */ = {
			isa = XCBuildConfiguration;
			buildSettings = {
				ALWAYS_SEARCH_USER_PATHS = NO;
				ASSETCATALOG_COMPILER_GENERATE_SWIFT_ASSET_SYMBOL_EXTENSIONS = YES;
				CLANG_ANALYZER_NONNULL = YES;
				CLANG_ANALYZER_NUMBER_OBJECT_CONVERSION = YES_AGGRESSIVE;
				CLANG_CXX_LANGUAGE_STANDARD = "gnu++20";
				CLANG_ENABLE_MODULES = YES;
				CLANG_ENABLE_OBJC_ARC = YES;
				CLANG_ENABLE_OBJC_WEAK = YES;
				CLANG_WARN_BLOCK_CAPTURE_AUTORELEASING = YES;
				CLANG_WARN_BOOL_CONVERSION = YES;
				CLANG_WARN_COMMA = YES;
				CLANG_WARN_CONSTANT_CONVERSION = YES;
				CLANG_WARN_DEPRECATED_OBJC_IMPLEMENTATIONS = YES;
				CLANG_WARN_DIRECT_OBJC_ISA_USAGE = YES_ERROR;
				CLANG_WARN_DOCUMENTATION_COMMENTS = YES;
				CLANG_WARN_EMPTY_BODY = YES;
				CLANG_WARN_ENUM_CONVERSION = YES;
				CLANG_WARN_INFINITE_RECURSION = YES;
				CLANG_WARN_INT_CONVERSION = YES;
				CLANG_WARN_NON_LITERAL_NULL_CONVERSION = YES;
				CLANG_WARN_OBJC_IMPLICIT_RETAIN_SELF = YES;
				CLANG_WARN_OBJC_LITERAL_CONVERSION = YES;
				CLANG_WARN_OBJC_ROOT_CLASS = YES_ERROR;
				CLANG_WARN_QUOTED_INCLUDE_IN_FRAMEWORK_HEADER = YES;
				CLANG_WARN_RANGE_LOOP_ANALYSIS = YES;
				CLANG_WARN_STRICT_PROTOTYPES = YES;
				CLANG_WARN_SUSPICIOUS_MOVE = YES;
				CLANG_WARN_UNGUARDED_AVAILABILITY = YES_AGGRESSIVE;
				CLANG_WARN_UNREACHABLE_CODE = YES;
				CLANG_WARN__DUPLICATE_METHOD_MATCH = YES;
				COPY_PHASE_STRIP = NO;
				DEBUG_INFORMATION_FORMAT = dwarf;
				ENABLE_STRICT_OBJC_MSGSEND = YES;
				ENABLE_TESTABILITY = YES;
				ENABLE_USER_SCRIPT_SANDBOXING = YES;
				GCC_C_LANGUAGE_STANDARD = gnu17;
				GCC_DYNAMIC_NO_PIC = NO;
				GCC_NO_COMMON_BLOCKS = YES;
				GCC_OPTIMIZATION_LEVEL = 0;
				GCC_PREPROCESSOR_DEFINITIONS = (
					"DEBUG=1",
					"$(inherited)",
				);
				GCC_WARN_64_TO_32_BIT_CONVERSION = YES;
				GCC_WARN_ABOUT_RETURN_TYPE = YES_ERROR;
				GCC_WARN_UNDECLARED_SELECTOR = YES;
				GCC_WARN_UNINITIALIZED_AUTOS = YES_AGGRESSIVE;
				GCC_WARN_UNUSED_FUNCTION = YES;
				GCC_WARN_UNUSED_VARIABLE = YES;
				IPHONEOS_DEPLOYMENT_TARGET = 17.0;
				LOCALIZATION_PREFERS_STRING_CATALOGS = YES;
				MTL_ENABLE_DEBUG_INFO = INCLUDE_SOURCE;
				MTL_FAST_MATH = YES;
				ONLY_ACTIVE_ARCH = YES;
				SDKROOT = iphoneos;
				SWIFT_ACTIVE_COMPILATION_CONDITIONS = "DEBUG $(inherited)";
				SWIFT_OPTIMIZATION_LEVEL = "-Onone";
			};
			name = Debug;
		};
		13E24CF02AF97F8300D981A3 /* Release */ = {
			isa = XCBuildConfiguration;
			buildSettings = {
				ALWAYS_SEARCH_USER_PATHS = NO;
				ASSETCATALOG_COMPILER_GENERATE_SWIFT_ASSET_SYMBOL_EXTENSIONS = YES;
				CLANG_ANALYZER_NONNULL = YES;
				CLANG_ANALYZER_NUMBER_OBJECT_CONVERSION = YES_AGGRESSIVE;
				CLANG_CXX_LANGUAGE_STANDARD = "gnu++20";
				CLANG_ENABLE_MODULES = YES;
				CLANG_ENABLE_OBJC_ARC = YES;
				CLANG_ENABLE_OBJC_WEAK = YES;
				CLANG_WARN_BLOCK_CAPTURE_AUTORELEASING = YES;
				CLANG_WARN_BOOL_CONVERSION = YES;
				CLANG_WARN_COMMA = YES;
				CLANG_WARN_CONSTANT_CONVERSION = YES;
				CLANG_WARN_DEPRECATED_OBJC_IMPLEMENTATIONS = YES;
				CLANG_WARN_DIRECT_OBJC_ISA_USAGE = YES_ERROR;
				CLANG_WARN_DOCUMENTATION_COMMENTS = YES;
				CLANG_WARN_EMPTY_BODY = YES;
				CLANG_WARN_ENUM_CONVERSION = YES;
				CLANG_WARN_INFINITE_RECURSION = YES;
				CLANG_WARN_INT_CONVERSION = YES;
				CLANG_WARN_NON_LITERAL_NULL_CONVERSION = YES;
				CLANG_WARN_OBJC_IMPLICIT_RETAIN_SELF = YES;
				CLANG_WARN_OBJC_LITERAL_CONVERSION = YES;
				CLANG_WARN_OBJC_ROOT_CLASS = YES_ERROR;
				CLANG_WARN_QUOTED_INCLUDE_IN_FRAMEWORK_HEADER = YES;
				CLANG_WARN_RANGE_LOOP_ANALYSIS = YES;
				CLANG_WARN_STRICT_PROTOTYPES = YES;
				CLANG_WARN_SUSPICIOUS_MOVE = YES;
				CLANG_WARN_UNGUARDED_AVAILABILITY = YES_AGGRESSIVE;
				CLANG_WARN_UNREACHABLE_CODE = YES;
				CLANG_WARN__DUPLICATE_METHOD_MATCH = YES;
				COPY_PHASE_STRIP = NO;
				DEBUG_INFORMATION_FORMAT = "dwarf-with-dsym";
				ENABLE_NS_ASSERTIONS = NO;
				ENABLE_STRICT_OBJC_MSGSEND = YES;
				ENABLE_USER_SCRIPT_SANDBOXING = YES;
				GCC_C_LANGUAGE_STANDARD = gnu17;
				GCC_NO_COMMON_BLOCKS = YES;
				GCC_WARN_64_TO_32_BIT_CONVERSION = YES;
				GCC_WARN_ABOUT_RETURN_TYPE = YES_ERROR;
				GCC_WARN_UNDECLARED_SELECTOR = YES;
				GCC_WARN_UNINITIALIZED_AUTOS = YES_AGGRESSIVE;
				GCC_WARN_UNUSED_FUNCTION = YES;
				GCC_WARN_UNUSED_VARIABLE = YES;
				IPHONEOS_DEPLOYMENT_TARGET = 17.0;
				LOCALIZATION_PREFERS_STRING_CATALOGS = YES;
				MTL_ENABLE_DEBUG_INFO = NO;
				MTL_FAST_MATH = YES;
				SDKROOT = iphoneos;
				SWIFT_COMPILATION_MODE = wholemodule;
				VALIDATE_PRODUCT = YES;
			};
			name = Release;
		};
		13E24CF22AF97F8300D981A3 /* Debug */ = {
			isa = XCBuildConfiguration;
			buildSettings = {
				CODE_SIGN_STYLE = Automatic;
				CURRENT_PROJECT_VERSION = 1;
				DEVELOPMENT_TEAM = L7B5V7W6H3;
				GENERATE_INFOPLIST_FILE = YES;
				INFOPLIST_FILE = "Web Time Machine Extension/Info.plist";
				INFOPLIST_KEY_CFBundleDisplayName = "Web Time Machine Extension";
				INFOPLIST_KEY_NSHumanReadableCopyright = "";
				IPHONEOS_DEPLOYMENT_TARGET = 15.0;
				LD_RUNPATH_SEARCH_PATHS = (
					"$(inherited)",
					"@executable_path/Frameworks",
					"@executable_path/../../Frameworks",
				);
				MARKETING_VERSION = 1.0;
				OTHER_LDFLAGS = (
					"-framework",
					SafariServices,
				);
				PRODUCT_BUNDLE_IDENTIFIER = "eef.Web-Time-Machine.Extension";
				PRODUCT_NAME = "$(TARGET_NAME)";
				SKIP_INSTALL = YES;
				SWIFT_EMIT_LOC_STRINGS = YES;
				SWIFT_VERSION = 5.0;
				TARGETED_DEVICE_FAMILY = "1,2";
			};
			name = Debug;
		};
		13E24CF32AF97F8300D981A3 /* Release */ = {
			isa = XCBuildConfiguration;
			buildSettings = {
				CODE_SIGN_STYLE = Automatic;
				CURRENT_PROJECT_VERSION = 1;
				DEVELOPMENT_TEAM = L7B5V7W6H3;
				GENERATE_INFOPLIST_FILE = YES;
				INFOPLIST_FILE = "Web Time Machine Extension/Info.plist";
				INFOPLIST_KEY_CFBundleDisplayName = "Web Time Machine Extension";
				INFOPLIST_KEY_NSHumanReadableCopyright = "";
				IPHONEOS_DEPLOYMENT_TARGET = 15.0;
				LD_RUNPATH_SEARCH_PATHS = (
					"$(inherited)",
					"@executable_path/Frameworks",
					"@executable_path/../../Frameworks",
				);
				MARKETING_VERSION = 1.0;
				OTHER_LDFLAGS = (
					"-framework",
					SafariServices,
				);
				PRODUCT_BUNDLE_IDENTIFIER = "eef.Web-Time-Machine.Extension";
				PRODUCT_NAME = "$(TARGET_NAME)";
				SKIP_INSTALL = YES;
				SWIFT_EMIT_LOC_STRINGS = YES;
				SWIFT_VERSION = 5.0;
				TARGETED_DEVICE_FAMILY = "1,2";
			};
			name = Release;
		};
		13E24CF62AF97F8300D981A3 /* Debug */ = {
			isa = XCBuildConfiguration;
			buildSettings = {
				ALWAYS_EMBED_SWIFT_STANDARD_LIBRARIES = YES;
				ASSETCATALOG_COMPILER_APPICON_NAME = AppIcon;
				ASSETCATALOG_COMPILER_GLOBAL_ACCENT_COLOR_NAME = AccentColor;
				CODE_SIGN_STYLE = Automatic;
				CURRENT_PROJECT_VERSION = 1;
				DEVELOPMENT_TEAM = L7B5V7W6H3;
				GENERATE_INFOPLIST_FILE = YES;
				INFOPLIST_FILE = "Web Time Machine/Info.plist";
				INFOPLIST_KEY_CFBundleDisplayName = "Web Time Machine";
				INFOPLIST_KEY_UIApplicationSupportsIndirectInputEvents = YES;
				INFOPLIST_KEY_UILaunchStoryboardName = LaunchScreen;
				INFOPLIST_KEY_UIMainStoryboardFile = Main;
				INFOPLIST_KEY_UISupportedInterfaceOrientations_iPad = "UIInterfaceOrientationPortrait UIInterfaceOrientationPortraitUpsideDown UIInterfaceOrientationLandscapeLeft UIInterfaceOrientationLandscapeRight";
				INFOPLIST_KEY_UISupportedInterfaceOrientations_iPhone = "UIInterfaceOrientationPortrait UIInterfaceOrientationLandscapeLeft UIInterfaceOrientationLandscapeRight";
				IPHONEOS_DEPLOYMENT_TARGET = 15.0;
				LD_RUNPATH_SEARCH_PATHS = (
					"$(inherited)",
					"@executable_path/Frameworks",
				);
				MARKETING_VERSION = 1.0;
				OTHER_LDFLAGS = (
					"-framework",
					SafariServices,
					"-framework",
					WebKit,
				);
				PRODUCT_BUNDLE_IDENTIFIER = "eef.Web-Time-Machine";
				PRODUCT_NAME = "$(TARGET_NAME)";
				SWIFT_EMIT_LOC_STRINGS = YES;
				SWIFT_VERSION = 5.0;
				TARGETED_DEVICE_FAMILY = "1,2";
			};
			name = Debug;
		};
		13E24CF72AF97F8300D981A3 /* Release */ = {
			isa = XCBuildConfiguration;
			buildSettings = {
				ALWAYS_EMBED_SWIFT_STANDARD_LIBRARIES = YES;
				ASSETCATALOG_COMPILER_APPICON_NAME = AppIcon;
				ASSETCATALOG_COMPILER_GLOBAL_ACCENT_COLOR_NAME = AccentColor;
				CODE_SIGN_STYLE = Automatic;
				CURRENT_PROJECT_VERSION = 1;
				DEVELOPMENT_TEAM = L7B5V7W6H3;
				GENERATE_INFOPLIST_FILE = YES;
				INFOPLIST_FILE = "Web Time Machine/Info.plist";
				INFOPLIST_KEY_CFBundleDisplayName = "Web Time Machine";
				INFOPLIST_KEY_UIApplicationSupportsIndirectInputEvents = YES;
				INFOPLIST_KEY_UILaunchStoryboardName = LaunchScreen;
				INFOPLIST_KEY_UIMainStoryboardFile = Main;
				INFOPLIST_KEY_UISupportedInterfaceOrientations_iPad = "UIInterfaceOrientationPortrait UIInterfaceOrientationPortraitUpsideDown UIInterfaceOrientationLandscapeLeft UIInterfaceOrientationLandscapeRight";
				INFOPLIST_KEY_UISupportedInterfaceOrientations_iPhone = "UIInterfaceOrientationPortrait UIInterfaceOrientationLandscapeLeft UIInterfaceOrientationLandscapeRight";
				IPHONEOS_DEPLOYMENT_TARGET = 15.0;
				LD_RUNPATH_SEARCH_PATHS = (
					"$(inherited)",
					"@executable_path/Frameworks",
				);
				MARKETING_VERSION = 1.0;
				OTHER_LDFLAGS = (
					"-framework",
					SafariServices,
					"-framework",
					WebKit,
				);
				PRODUCT_BUNDLE_IDENTIFIER = "eef.Web-Time-Machine";
				PRODUCT_NAME = "$(TARGET_NAME)";
				SWIFT_EMIT_LOC_STRINGS = YES;
				SWIFT_VERSION = 5.0;
				TARGETED_DEVICE_FAMILY = "1,2";
			};
			name = Release;
		};
		13E24CF92AF97F8300D981A3 /* Debug */ = {
			isa = XCBuildConfiguration;
			buildSettings = {
				ALWAYS_EMBED_SWIFT_STANDARD_LIBRARIES = YES;
				BUNDLE_LOADER = "$(TEST_HOST)";
				CODE_SIGN_STYLE = Automatic;
				CURRENT_PROJECT_VERSION = 1;
				DEVELOPMENT_TEAM = L7B5V7W6H3;
				GENERATE_INFOPLIST_FILE = YES;
				IPHONEOS_DEPLOYMENT_TARGET = 15.0;
				MARKETING_VERSION = 1.0;
				PRODUCT_BUNDLE_IDENTIFIER = "eef.Web-Time-MachineTests";
				PRODUCT_NAME = "$(TARGET_NAME)";
				SWIFT_EMIT_LOC_STRINGS = NO;
				SWIFT_VERSION = 5.0;
				TARGETED_DEVICE_FAMILY = "1,2";
				TEST_HOST = "$(BUILT_PRODUCTS_DIR)/Web Time Machine.app/$(BUNDLE_EXECUTABLE_FOLDER_PATH)/Web Time Machine";
			};
			name = Debug;
		};
		13E24CFA2AF97F8300D981A3 /* Release */ = {
			isa = XCBuildConfiguration;
			buildSettings = {
				ALWAYS_EMBED_SWIFT_STANDARD_LIBRARIES = YES;
				BUNDLE_LOADER = "$(TEST_HOST)";
				CODE_SIGN_STYLE = Automatic;
				CURRENT_PROJECT_VERSION = 1;
				DEVELOPMENT_TEAM = L7B5V7W6H3;
				GENERATE_INFOPLIST_FILE = YES;
				IPHONEOS_DEPLOYMENT_TARGET = 15.0;
				MARKETING_VERSION = 1.0;
				PRODUCT_BUNDLE_IDENTIFIER = "eef.Web-Time-MachineTests";
				PRODUCT_NAME = "$(TARGET_NAME)";
				SWIFT_EMIT_LOC_STRINGS = NO;
				SWIFT_VERSION = 5.0;
				TARGETED_DEVICE_FAMILY = "1,2";
				TEST_HOST = "$(BUILT_PRODUCTS_DIR)/Web Time Machine.app/$(BUNDLE_EXECUTABLE_FOLDER_PATH)/Web Time Machine";
			};
			name = Release;
		};
		13E24CFC2AF97F8300D981A3 /* Debug */ = {
			isa = XCBuildConfiguration;
			buildSettings = {
				ALWAYS_EMBED_SWIFT_STANDARD_LIBRARIES = YES;
				CODE_SIGN_STYLE = Automatic;
				CURRENT_PROJECT_VERSION = 1;
				DEVELOPMENT_TEAM = L7B5V7W6H3;
				GENERATE_INFOPLIST_FILE = YES;
				MARKETING_VERSION = 1.0;
				PRODUCT_BUNDLE_IDENTIFIER = "eef.Web-Time-MachineUITests";
				PRODUCT_NAME = "$(TARGET_NAME)";
				SWIFT_EMIT_LOC_STRINGS = NO;
				SWIFT_VERSION = 5.0;
				TARGETED_DEVICE_FAMILY = "1,2";
				TEST_TARGET_NAME = "Web Time Machine";
			};
			name = Debug;
		};
		13E24CFD2AF97F8300D981A3 /* Release */ = {
			isa = XCBuildConfiguration;
			buildSettings = {
				ALWAYS_EMBED_SWIFT_STANDARD_LIBRARIES = YES;
				CODE_SIGN_STYLE = Automatic;
				CURRENT_PROJECT_VERSION = 1;
				DEVELOPMENT_TEAM = L7B5V7W6H3;
				GENERATE_INFOPLIST_FILE = YES;
				MARKETING_VERSION = 1.0;
				PRODUCT_BUNDLE_IDENTIFIER = "eef.Web-Time-MachineUITests";
				PRODUCT_NAME = "$(TARGET_NAME)";
				SWIFT_EMIT_LOC_STRINGS = NO;
				SWIFT_VERSION = 5.0;
				TARGETED_DEVICE_FAMILY = "1,2";
				TEST_TARGET_NAME = "Web Time Machine";
			};
			name = Release;
		};
/* End XCBuildConfiguration section */

/* Begin XCConfigurationList section */
		13E24C9D2AF97F7F00D981A3 /* Build configuration list for PBXProject "Web Time Machine" */ = {
			isa = XCConfigurationList;
			buildConfigurations = (
				13E24CEF2AF97F8300D981A3 /* Debug */,
				13E24CF02AF97F8300D981A3 /* Release */,
			);
			defaultConfigurationIsVisible = 0;
			defaultConfigurationName = Release;
		};
		13E24CF12AF97F8300D981A3 /* Build configuration list for PBXNativeTarget "Web Time Machine Extension" */ = {
			isa = XCConfigurationList;
			buildConfigurations = (
				13E24CF22AF97F8300D981A3 /* Debug */,
				13E24CF32AF97F8300D981A3 /* Release */,
			);
			defaultConfigurationIsVisible = 0;
			defaultConfigurationName = Release;
		};
		13E24CF52AF97F8300D981A3 /* Build configuration list for PBXNativeTarget "Web Time Machine" */ = {
			isa = XCConfigurationList;
			buildConfigurations = (
				13E24CF62AF97F8300D981A3 /* Debug */,
				13E24CF72AF97F8300D981A3 /* Release */,
			);
			defaultConfigurationIsVisible = 0;
			defaultConfigurationName = Release;
		};
		13E24CF82AF97F8300D981A3 /* Build configuration list for PBXNativeTarget "Web Time MachineTests" */ = {
			isa = XCConfigurationList;
			buildConfigurations = (
				13E24CF92AF97F8300D981A3 /* Debug */,
				13E24CFA2AF97F8300D981A3 /* Release */,
			);
			defaultConfigurationIsVisible = 0;
			defaultConfigurationName = Release;
		};
		13E24CFB2AF97F8300D981A3 /* Build configuration list for PBXNativeTarget "Web Time MachineUITests" */ = {
			isa = XCConfigurationList;
			buildConfigurations = (
				13E24CFC2AF97F8300D981A3 /* Debug */,
				13E24CFD2AF97F8300D981A3 /* Release */,
			);
			defaultConfigurationIsVisible = 0;
			defaultConfigurationName = Release;
		};
/* End XCConfigurationList section */
	};
	rootObject = 13E24C9A2AF97F7F00D981A3 /* Project object */;
}
